
Microsoft Visual Studio Solution File, Format Version 12.00
# Visual Studio Version 17
VisualStudioVersion = 17.3.32825.248
MinimumVisualStudioVersion = 10.0.40219.1
Project("{9A19103F-16F7-4668-BE54-9A1E7A4F7556}") = "GestionEtudiants", "GestionEtudiants.csproj", "{BD3D2126-26BD-491D-922F-FD224E35CD51}"
EndProject
Global
	GlobalSection(SolutionConfigurationPlatforms) = preSolution
		Debug|Any CPU = Debug|Any CPU
		Release|Any CPU = Release|Any CPU
	EndGlobalSection
	GlobalSection(ProjectConfigurationPlatforms) = postSolution
		{BD3D2126-26BD-491D-922F-FD224E35CD51}.Debug|Any CPU.ActiveCfg = Debug|Any CPU
		{BD3D2126-26BD-491D-922F-FD224E35CD51}.Debug|Any CPU.Build.0 = Debug|Any CPU
		{BD3D2126-26BD-491D-922F-FD224E35CD51}.Release|Any CPU.ActiveCfg = Release|Any CPU
		{BD3D2126-26BD-491D-922F-FD224E35CD51}.Release|Any CPU.Build.0 = Release|Any CPU
	EndGlobalSection
	GlobalSection(SolutionProperties) = preSolution
		HideSolutionNode = FALSE
	EndGlobalSection
	GlobalSection(ExtensibilityGlobals) = postSolution
		SolutionGuid = {7E1B6DA9-2263-487C-A2CF-2C7B13828963}
	EndGlobalSection
EndGlobal
