
Microsoft Visual Studio Solution File, Format Version 12.00
# Visual Studio Version 17
VisualStudioVersion = 17.3.32825.248
MinimumVisualStudioVersion = 10.0.40219.1
Project("{FAE04EC0-301F-11D3-BF4B-00C04F79EFBC}") = "Etudiant_DP_Observateur", "Etudiant_DP_Observateur.csproj", "{0B2A03FA-B8C9-4153-9B34-8090B57B9CC9}"
EndProject
Global
	GlobalSection(SolutionConfigurationPlatforms) = preSolution
		Debug|Any CPU = Debug|Any CPU
		Release|Any CPU = Release|Any CPU
	EndGlobalSection
	GlobalSection(ProjectConfigurationPlatforms) = postSolution
		{0B2A03FA-B8C9-4153-9B34-8090B57B9CC9}.Debug|Any CPU.ActiveCfg = Debug|Any CPU
		{0B2A03FA-B8C9-4153-9B34-8090B57B9CC9}.Debug|Any CPU.Build.0 = Debug|Any CPU
		{0B2A03FA-B8C9-4153-9B34-8090B57B9CC9}.Release|Any CPU.ActiveCfg = Release|Any CPU
		{0B2A03FA-B8C9-4153-9B34-8090B57B9CC9}.Release|Any CPU.Build.0 = Release|Any CPU
	EndGlobalSection
	GlobalSection(SolutionProperties) = preSolution
		HideSolutionNode = FALSE
	EndGlobalSection
	GlobalSection(ExtensibilityGlobals) = postSolution
		SolutionGuid = {8BB5B603-DD31-4395-AAA9-829A0C3A60DB}
	EndGlobalSection
EndGlobal
